
Microsoft Visual Studio Solution File, Format Version 12.00
# Visual Studio Version 17
VisualStudioVersion = 17.8.34511.84
MinimumVisualStudioVersion = 10.0.40219.1
Project("{FAE04EC0-301F-11D3-BF4B-00C04F79EFBC}") = "ProductServiceApi", "ProductServiceApi\ProductServiceApi.csproj", "{27347B0E-6CAE-4196-B75C-CF428A25B562}"
EndProject
Global
	GlobalSection(SolutionConfigurationPlatforms) = preSolution
		Debug|Any CPU = Debug|Any CPU
		Release|Any CPU = Release|Any CPU
	EndGlobalSection
	GlobalSection(ProjectConfigurationPlatforms) = postSolution
		{27347B0E-6CAE-4196-B75C-CF428A25B562}.Debug|Any CPU.ActiveCfg = Debug|Any CPU
		{27347B0E-6CAE-4196-B75C-CF428A25B562}.Debug|Any CPU.Build.0 = Debug|Any CPU
		{27347B0E-6CAE-4196-B75C-CF428A25B562}.Release|Any CPU.ActiveCfg = Release|Any CPU
		{27347B0E-6CAE-4196-B75C-CF428A25B562}.Release|Any CPU.Build.0 = Release|Any CPU
	EndGlobalSection
	GlobalSection(SolutionProperties) = preSolution
		HideSolutionNode = FALSE
	EndGlobalSection
	GlobalSection(ExtensibilityGlobals) = postSolution
		SolutionGuid = {F4AF466F-A68B-4AAA-9E1F-B79F9E55407B}
	EndGlobalSection
EndGlobal
